// !$*UTF8*$!
{
	archiveVersion = 1;
	classes = {
	};
	objectVersion = 77;
	objects = {

/* Begin PBXBuildFile section */
		150F301A2D619381002FFF9C /* Auth in Frameworks */ = {isa = PBXBuildFile; productRef = 150F30192D619381002FFF9C /* Auth */; };
		150F301C2D619381002FFF9C /* Functions in Frameworks */ = {isa = PBXBuildFile; productRef = 150F301B2D619381002FFF9C /* Functions */; };
		150F301E2D619381002FFF9C /* PostgREST in Frameworks */ = {isa = PBXBuildFile; productRef = 150F301D2D619381002FFF9C /* PostgREST */; };
		150F30202D619381002FFF9C /* Realtime in Frameworks */ = {isa = PBXBuildFile; productRef = 150F301F2D619381002FFF9C /* Realtime */; };
		150F30222D619381002FFF9C /* Storage in Frameworks */ = {isa = PBXBuildFile; productRef = 150F30212D619381002FFF9C /* Storage */; };
		150F30292D61A59A002FFF9C /* Supabase in Frameworks */ = {isa = PBXBuildFile; productRef = 150F30282D61A59A002FFF9C /* Supabase */; };
/* End PBXBuildFile section */

/* Begin PBXContainerItemProxy section */
		150F2FF92D617E62002FFF9C /* PBXContainerItemProxy */ = {
			isa = PBXContainerItemProxy;
			containerPortal = 150F2FDA2D617E61002FFF9C /* Project object */;
			proxyType = 1;
			remoteGlobalIDString = 150F2FE12D617E61002FFF9C;
			remoteInfo = ticket;
		};
		150F30032D617E62002FFF9C /* PBXContainerItemProxy */ = {
			isa = PBXContainerItemProxy;
			containerPortal = 150F2FDA2D617E61002FFF9C /* Project object */;
			proxyType = 1;
			remoteGlobalIDString = 150F2FE12D617E61002FFF9C;
			remoteInfo = ticket;
		};
/* End PBXContainerItemProxy section */

/* Begin PBXFileReference section */
		150F2FE22D617E61002FFF9C /* ticket.app */ = {isa = PBXFileReference; explicitFileType = wrapper.application; includeInIndex = 0; path = ticket.app; sourceTree = BUILT_PRODUCTS_DIR; };
		150F2FF82D617E62002FFF9C /* ticketTests.xctest */ = {isa = PBXFileReference; explicitFileType = wrapper.cfbundle; includeInIndex = 0; path = ticketTests.xctest; sourceTree = BUILT_PRODUCTS_DIR; };
		150F30022D617E62002FFF9C /* ticketUITests.xctest */ = {isa = PBXFileReference; explicitFileType = wrapper.cfbundle; includeInIndex = 0; path = ticketUITests.xctest; sourceTree = BUILT_PRODUCTS_DIR; };
/* End PBXFileReference section */

/* Begin PBXFileSystemSynchronizedBuildFileExceptionSet section */
		150F300A2D617E62002FFF9C /* Exceptions for "ticket" folder in "ticket" target */ = {
			isa = PBXFileSystemSynchronizedBuildFileExceptionSet;
			membershipExceptions = (
				Info.plist,
			);
			target = 150F2FE12D617E61002FFF9C /* ticket */;
		};
/* End PBXFileSystemSynchronizedBuildFileExceptionSet section */

/* Begin PBXFileSystemSynchronizedRootGroup section */
		150F2FE42D617E61002FFF9C /* ticket */ = {
			isa = PBXFileSystemSynchronizedRootGroup;
			exceptions = (
				150F300A2D617E62002FFF9C /* Exceptions for "ticket" folder in "ticket" target */,
			);
			path = ticket;
			sourceTree = "<group>";
		};
		150F2FFB2D617E62002FFF9C /* ticketTests */ = {
			isa = PBXFileSystemSynchronizedRootGroup;
			path = ticketTests;
			sourceTree = "<group>";
		};
		150F30052D617E62002FFF9C /* ticketUITests */ = {
			isa = PBXFileSystemSynchronizedRootGroup;
			path = ticketUITests;
			sourceTree = "<group>";
		};
/* End PBXFileSystemSynchronizedRootGroup section */

/* Begin PBXFrameworksBuildPhase section */
		150F2FDF2D617E61002FFF9C /* Frameworks */ = {
			isa = PBXFrameworksBuildPhase;
			buildActionMask = 2147483647;
			files = (
				150F301E2D619381002FFF9C /* PostgREST in Frameworks */,
				150F301C2D619381002FFF9C /* Functions in Frameworks */,
				150F30292D61A59A002FFF9C /* Supabase in Frameworks */,
				150F301A2D619381002FFF9C /* Auth in Frameworks */,
				150F30222D619381002FFF9C /* Storage in Frameworks */,
				150F30202D619381002FFF9C /* Realtime in Frameworks */,
			);
			runOnlyForDeploymentPostprocessing = 0;
		};
		150F2FF52D617E62002FFF9C /* Frameworks */ = {
			isa = PBXFrameworksBuildPhase;
			buildActionMask = 2147483647;
			files = (
			);
			runOnlyForDeploymentPostprocessing = 0;
		};
		150F2FFF2D617E62002FFF9C /* Frameworks */ = {
			isa = PBXFrameworksBuildPhase;
			buildActionMask = 2147483647;
			files = (
			);
			runOnlyForDeploymentPostprocessing = 0;
		};
/* End PBXFrameworksBuildPhase section */

/* Begin PBXGroup section */
		150F2FD92D617E61002FFF9C = {
			isa = PBXGroup;
			children = (
				150F2FE42D617E61002FFF9C /* ticket */,
				150F2FFB2D617E62002FFF9C /* ticketTests */,
				150F30052D617E62002FFF9C /* ticketUITests */,
				150F30272D61A59A002FFF9C /* Frameworks */,
				150F2FE32D617E61002FFF9C /* Products */,
			);
			sourceTree = "<group>";
		};
		150F2FE32D617E61002FFF9C /* Products */ = {
			isa = PBXGroup;
			children = (
				150F2FE22D617E61002FFF9C /* ticket.app */,
				150F2FF82D617E62002FFF9C /* ticketTests.xctest */,
				150F30022D617E62002FFF9C /* ticketUITests.xctest */,
			);
			name = Products;
			sourceTree = "<group>";
		};
		150F30272D61A59A002FFF9C /* Frameworks */ = {
			isa = PBXGroup;
			children = (
			);
			name = Frameworks;
			sourceTree = "<group>";
		};
/* End PBXGroup section */

/* Begin PBXNativeTarget section */
		150F2FE12D617E61002FFF9C /* ticket */ = {
			isa = PBXNativeTarget;
			buildConfigurationList = 150F300B2D617E62002FFF9C /* Build configuration list for PBXNativeTarget "ticket" */;
			buildPhases = (
				150F2FDE2D617E61002FFF9C /* Sources */,
				150F2FDF2D617E61002FFF9C /* Frameworks */,
				150F2FE02D617E61002FFF9C /* Resources */,
			);
			buildRules = (
			);
			dependencies = (
			);
			fileSystemSynchronizedGroups = (
				150F2FE42D617E61002FFF9C /* ticket */,
			);
			name = ticket;
			packageProductDependencies = (
				150F30192D619381002FFF9C /* Auth */,
				150F301B2D619381002FFF9C /* Functions */,
				150F301D2D619381002FFF9C /* PostgREST */,
				150F301F2D619381002FFF9C /* Realtime */,
				150F30212D619381002FFF9C /* Storage */,
				150F30282D61A59A002FFF9C /* Supabase */,
			);
			productName = ticket;
			productReference = 150F2FE22D617E61002FFF9C /* ticket.app */;
			productType = "com.apple.product-type.application";
		};
		150F2FF72D617E62002FFF9C /* ticketTests */ = {
			isa = PBXNativeTarget;
			buildConfigurationList = 150F30102D617E62002FFF9C /* Build configuration list for PBXNativeTarget "ticketTests" */;
			buildPhases = (
				150F2FF42D617E62002FFF9C /* Sources */,
				150F2FF52D617E62002FFF9C /* Frameworks */,
				150F2FF62D617E62002FFF9C /* Resources */,
			);
			buildRules = (
			);
			dependencies = (
				150F2FFA2D617E62002FFF9C /* PBXTargetDependency */,
			);
			fileSystemSynchronizedGroups = (
				150F2FFB2D617E62002FFF9C /* ticketTests */,
			);
			name = ticketTests;
			packageProductDependencies = (
			);
			productName = ticketTests;
			productReference = 150F2FF82D617E62002FFF9C /* ticketTests.xctest */;
			productType = "com.apple.product-type.bundle.unit-test";
		};
		150F30012D617E62002FFF9C /* ticketUITests */ = {
			isa = PBXNativeTarget;
			buildConfigurationList = 150F30132D617E62002FFF9C /* Build configuration list for PBXNativeTarget "ticketUITests" */;
			buildPhases = (
				150F2FFE2D617E62002FFF9C /* Sources */,
				150F2FFF2D617E62002FFF9C /* Frameworks */,
				150F30002D617E62002FFF9C /* Resources */,
			);
			buildRules = (
			);
			dependencies = (
				150F30042D617E62002FFF9C /* PBXTargetDependency */,
			);
			fileSystemSynchronizedGroups = (
				150F30052D617E62002FFF9C /* ticketUITests */,
			);
			name = ticketUITests;
			packageProductDependencies = (
			);
			productName = ticketUITests;
			productReference = 150F30022D617E62002FFF9C /* ticketUITests.xctest */;
			productType = "com.apple.product-type.bundle.ui-testing";
		};
/* End PBXNativeTarget section */

/* Begin PBXProject section */
		150F2FDA2D617E61002FFF9C /* Project object */ = {
			isa = PBXProject;
			attributes = {
				BuildIndependentTargetsInParallel = 1;
				LastSwiftUpdateCheck = 1610;
				LastUpgradeCheck = 1610;
				TargetAttributes = {
					150F2FE12D617E61002FFF9C = {
						CreatedOnToolsVersion = 16.1;
					};
					150F2FF72D617E62002FFF9C = {
						CreatedOnToolsVersion = 16.1;
						TestTargetID = 150F2FE12D617E61002FFF9C;
					};
					150F30012D617E62002FFF9C = {
						CreatedOnToolsVersion = 16.1;
						TestTargetID = 150F2FE12D617E61002FFF9C;
					};
				};
			};
			buildConfigurationList = 150F2FDD2D617E61002FFF9C /* Build configuration list for PBXProject "ticket" */;
			developmentRegion = en;
			hasScannedForEncodings = 0;
			knownRegions = (
				en,
				Base,
			);
			mainGroup = 150F2FD92D617E61002FFF9C;
			minimizedProjectReferenceProxies = 1;
			packageReferences = (
				150F30182D619381002FFF9C /* XCRemoteSwiftPackageReference "supabase-swift" */,
			);
			preferredProjectObjectVersion = 77;
			productRefGroup = 150F2FE32D617E61002FFF9C /* Products */;
			projectDirPath = "";
			projectRoot = "";
			targets = (
				150F2FE12D617E61002FFF9C /* ticket */,
				150F2FF72D617E62002FFF9C /* ticketTests */,
				150F30012D617E62002FFF9C /* ticketUITests */,
			);
		};
/* End PBXProject section */

/* Begin PBXResourcesBuildPhase section */
		150F2FE02D617E61002FFF9C /* Resources */ = {
			isa = PBXResourcesBuildPhase;
			buildActionMask = 2147483647;
			files = (
			);
			runOnlyForDeploymentPostprocessing = 0;
		};
		150F2FF62D617E62002FFF9C /* Resources */ = {
			isa = PBXResourcesBuildPhase;
			buildActionMask = 2147483647;
			files = (
			);
			runOnlyForDeploymentPostprocessing = 0;
		};
		150F30002D617E62002FFF9C /* Resources */ = {
			isa = PBXResourcesBuildPhase;
			buildActionMask = 2147483647;
			files = (
			);
			runOnlyForDeploymentPostprocessing = 0;
		};
/* End PBXResourcesBuildPhase section */

/* Begin PBXSourcesBuildPhase section */
		150F2FDE2D617E61002FFF9C /* Sources */ = {
			isa = PBXSourcesBuildPhase;
			buildActionMask = 2147483647;
			files = (
			);
			runOnlyForDeploymentPostprocessing = 0;
		};
		150F2FF42D617E62002FFF9C /* Sources */ = {
			isa = PBXSourcesBuildPhase;
			buildActionMask = 2147483647;
			files = (
			);
			runOnlyForDeploymentPostprocessing = 0;
		};
		150F2FFE2D617E62002FFF9C /* Sources */ = {
			isa = PBXSourcesBuildPhase;
			buildActionMask = 2147483647;
			files = (
			);
			runOnlyForDeploymentPostprocessing = 0;
		};
/* End PBXSourcesBuildPhase section */

/* Begin PBXTargetDependency section */
		150F2FFA2D617E62002FFF9C /* PBXTargetDependency */ = {
			isa = PBXTargetDependency;
			target = 150F2FE12D617E61002FFF9C /* ticket */;
			targetProxy = 150F2FF92D617E62002FFF9C /* PBXContainerItemProxy */;
		};
		150F30042D617E62002FFF9C /* PBXTargetDependency */ = {
			isa = PBXTargetDependency;
			target = 150F2FE12D617E61002FFF9C /* ticket */;
			targetProxy = 150F30032D617E62002FFF9C /* PBXContainerItemProxy */;
		};
/* End PBXTargetDependency section */

/* Begin XCBuildConfiguration section */
		150F300C2D617E62002FFF9C /* Debug */ = {
			isa = XCBuildConfiguration;
			buildSettings = {
				ASSETCATALOG_COMPILER_APPICON_NAME = AppIcon;
				ASSETCATALOG_COMPILER_GLOBAL_ACCENT_COLOR_NAME = AccentColor;
				CODE_SIGN_STYLE = Automatic;
				CURRENT_PROJECT_VERSION = 1;
				DEVELOPMENT_TEAM = 86PHL84622;
				GENERATE_INFOPLIST_FILE = YES;
				INFOPLIST_FILE = ticket/Info.plist;
				INFOPLIST_KEY_UIApplicationSupportsIndirectInputEvents = YES;
				INFOPLIST_KEY_UILaunchStoryboardName = LaunchScreen;
				INFOPLIST_KEY_UIMainStoryboardFile = Main;
				INFOPLIST_KEY_UISupportedInterfaceOrientations_iPad = "UIInterfaceOrientationPortrait UIInterfaceOrientationPortraitUpsideDown UIInterfaceOrientationLandscapeLeft UIInterfaceOrientationLandscapeRight";
				INFOPLIST_KEY_UISupportedInterfaceOrientations_iPhone = "UIInterfaceOrientationPortrait UIInterfaceOrientationLandscapeLeft UIInterfaceOrientationLandscapeRight";
				LD_RUNPATH_SEARCH_PATHS = (
					"$(inherited)",
					"@executable_path/Frameworks",
				);
				MARKETING_VERSION = 1.0;
				PRODUCT_BUNDLE_IDENTIFIER = app.watanabe.ui.ticket;
				PRODUCT_NAME = "$(TARGET_NAME)";
				SWIFT_EMIT_LOC_STRINGS = YES;
				SWIFT_VERSION = 5.0;
				TARGETED_DEVICE_FAMILY = "1,2";
			};
			name = Debug;
		};
		150F300D2D617E62002FFF9C /* Release */ = {
			isa = XCBuildConfiguration;
			buildSettings = {
				ASSETCATALOG_COMPILER_APPICON_NAME = AppIcon;
				ASSETCATALOG_COMPILER_GLOBAL_ACCENT_COLOR_NAME = AccentColor;
				CODE_SIGN_STYLE = Automatic;
				CURRENT_PROJECT_VERSION = 1;
				DEVELOPMENT_TEAM = 86PHL84622;
				GENERATE_INFOPLIST_FILE = YES;
				INFOPLIST_FILE = ticket/Info.plist;
				INFOPLIST_KEY_UIApplicationSupportsIndirectInputEvents = YES;
				INFOPLIST_KEY_UILaunchStoryboardName = LaunchScreen;
				INFOPLIST_KEY_UIMainStoryboardFile = Main;
				INFOPLIST_KEY_UISupportedInterfaceOrientations_iPad = "UIInterfaceOrientationPortrait UIInterfaceOrientationPortraitUpsideDown UIInterfaceOrientationLandscapeLeft UIInterfaceOrientationLandscapeRight";
				INFOPLIST_KEY_UISupportedInterfaceOrientations_iPhone = "UIInterfaceOrientationPortrait UIInterfaceOrientationLandscapeLeft UIInterfaceOrientationLandscapeRight";
				LD_RUNPATH_SEARCH_PATHS = (
					"$(inherited)",
					"@executable_path/Frameworks",
				);
				MARKETING_VERSION = 1.0;
				PRODUCT_BUNDLE_IDENTIFIER = app.watanabe.ui.ticket;
				PRODUCT_NAME = "$(TARGET_NAME)";
				SWIFT_EMIT_LOC_STRINGS = YES;
				SWIFT_VERSION = 5.0;
				TARGETED_DEVICE_FAMILY = "1,2";
			};
			name = Release;
		};
		150F300E2D617E62002FFF9C /* Debug */ = {
			isa = XCBuildConfiguration;
			buildSettings = {
				ALWAYS_SEARCH_USER_PATHS = NO;
				ASSETCATALOG_COMPILER_GENERATE_SWIFT_ASSET_SYMBOL_EXTENSIONS = YES;
				CLANG_ANALYZER_NONNULL = YES;
				CLANG_ANALYZER_NUMBER_OBJECT_CONVERSION = YES_AGGRESSIVE;
				CLANG_CXX_LANGUAGE_STANDARD = "gnu++20";
				CLANG_ENABLE_MODULES = YES;
				CLANG_ENABLE_OBJC_ARC = YES;
				CLANG_ENABLE_OBJC_WEAK = YES;
				CLANG_WARN_BLOCK_CAPTURE_AUTORELEASING = YES;
				CLANG_WARN_BOOL_CONVERSION = YES;
				CLANG_WARN_COMMA = YES;
				CLANG_WARN_CONSTANT_CONVERSION = YES;
				CLANG_WARN_DEPRECATED_OBJC_IMPLEMENTATIONS = YES;
				CLANG_WARN_DIRECT_OBJC_ISA_USAGE = YES_ERROR;
				CLANG_WARN_DOCUMENTATION_COMMENTS = YES;
				CLANG_WARN_EMPTY_BODY = YES;
				CLANG_WARN_ENUM_CONVERSION = YES;
				CLANG_WARN_INFINITE_RECURSION = YES;
				CLANG_WARN_INT_CONVERSION = YES;
				CLANG_WARN_NON_LITERAL_NULL_CONVERSION = YES;
				CLANG_WARN_OBJC_IMPLICIT_RETAIN_SELF = YES;
				CLANG_WARN_OBJC_LITERAL_CONVERSION = YES;
				CLANG_WARN_OBJC_ROOT_CLASS = YES_ERROR;
				CLANG_WARN_QUOTED_INCLUDE_IN_FRAMEWORK_HEADER = YES;
				CLANG_WARN_RANGE_LOOP_ANALYSIS = YES;
				CLANG_WARN_STRICT_PROTOTYPES = YES;
				CLANG_WARN_SUSPICIOUS_MOVE = YES;
				CLANG_WARN_UNGUARDED_AVAILABILITY = YES_AGGRESSIVE;
				CLANG_WARN_UNREACHABLE_CODE = YES;
				CLANG_WARN__DUPLICATE_METHOD_MATCH = YES;
				COPY_PHASE_STRIP = NO;
				DEBUG_INFORMATION_FORMAT = dwarf;
				ENABLE_STRICT_OBJC_MSGSEND = YES;
				ENABLE_TESTABILITY = YES;
				ENABLE_USER_SCRIPT_SANDBOXING = YES;
				GCC_C_LANGUAGE_STANDARD = gnu17;
				GCC_DYNAMIC_NO_PIC = NO;
				GCC_NO_COMMON_BLOCKS = YES;
				GCC_OPTIMIZATION_LEVEL = 0;
				GCC_PREPROCESSOR_DEFINITIONS = (
					"DEBUG=1",
					"$(inherited)",
				);
				GCC_WARN_64_TO_32_BIT_CONVERSION = YES;
				GCC_WARN_ABOUT_RETURN_TYPE = YES_ERROR;
				GCC_WARN_UNDECLARED_SELECTOR = YES;
				GCC_WARN_UNINITIALIZED_AUTOS = YES_AGGRESSIVE;
				GCC_WARN_UNUSED_FUNCTION = YES;
				GCC_WARN_UNUSED_VARIABLE = YES;
				IPHONEOS_DEPLOYMENT_TARGET = 18.1;
				LOCALIZATION_PREFERS_STRING_CATALOGS = YES;
				MTL_ENABLE_DEBUG_INFO = INCLUDE_SOURCE;
				MTL_FAST_MATH = YES;
				ONLY_ACTIVE_ARCH = YES;
				SDKROOT = iphoneos;
				SWIFT_ACTIVE_COMPILATION_CONDITIONS = "DEBUG $(inherited)";
				SWIFT_OPTIMIZATION_LEVEL = "-Onone";
			};
			name = Debug;
		};
		150F300F2D617E62002FFF9C /* Release */ = {
			isa = XCBuildConfiguration;
			buildSettings = {
				ALWAYS_SEARCH_USER_PATHS = NO;
				ASSETCATALOG_COMPILER_GENERATE_SWIFT_ASSET_SYMBOL_EXTENSIONS = YES;
				CLANG_ANALYZER_NONNULL = YES;
				CLANG_ANALYZER_NUMBER_OBJECT_CONVERSION = YES_AGGRESSIVE;
				CLANG_CXX_LANGUAGE_STANDARD = "gnu++20";
				CLANG_ENABLE_MODULES = YES;
				CLANG_ENABLE_OBJC_ARC = YES;
				CLANG_ENABLE_OBJC_WEAK = YES;
				CLANG_WARN_BLOCK_CAPTURE_AUTORELEASING = YES;
				CLANG_WARN_BOOL_CONVERSION = YES;
				CLANG_WARN_COMMA = YES;
				CLANG_WARN_CONSTANT_CONVERSION = YES;
				CLANG_WARN_DEPRECATED_OBJC_IMPLEMENTATIONS = YES;
				CLANG_WARN_DIRECT_OBJC_ISA_USAGE = YES_ERROR;
				CLANG_WARN_DOCUMENTATION_COMMENTS = YES;
				CLANG_WARN_EMPTY_BODY = YES;
				CLANG_WARN_ENUM_CONVERSION = YES;
				CLANG_WARN_INFINITE_RECURSION = YES;
				CLANG_WARN_INT_CONVERSION = YES;
				CLANG_WARN_NON_LITERAL_NULL_CONVERSION = YES;
				CLANG_WARN_OBJC_IMPLICIT_RETAIN_SELF = YES;
				CLANG_WARN_OBJC_LITERAL_CONVERSION = YES;
				CLANG_WARN_OBJC_ROOT_CLASS = YES_ERROR;
				CLANG_WARN_QUOTED_INCLUDE_IN_FRAMEWORK_HEADER = YES;
				CLANG_WARN_RANGE_LOOP_ANALYSIS = YES;
				CLANG_WARN_STRICT_PROTOTYPES = YES;
				CLANG_WARN_SUSPICIOUS_MOVE = YES;
				CLANG_WARN_UNGUARDED_AVAILABILITY = YES_AGGRESSIVE;
				CLANG_WARN_UNREACHABLE_CODE = YES;
				CLANG_WARN__DUPLICATE_METHOD_MATCH = YES;
				COPY_PHASE_STRIP = NO;
				DEBUG_INFORMATION_FORMAT = "dwarf-with-dsym";
				ENABLE_NS_ASSERTIONS = NO;
				ENABLE_STRICT_OBJC_MSGSEND = YES;
				ENABLE_USER_SCRIPT_SANDBOXING = YES;
				GCC_C_LANGUAGE_STANDARD = gnu17;
				GCC_NO_COMMON_BLOCKS = YES;
				GCC_WARN_64_TO_32_BIT_CONVERSION = YES;
				GCC_WARN_ABOUT_RETURN_TYPE = YES_ERROR;
				GCC_WARN_UNDECLARED_SELECTOR = YES;
				GCC_WARN_UNINITIALIZED_AUTOS = YES_AGGRESSIVE;
				GCC_WARN_UNUSED_FUNCTION = YES;
				GCC_WARN_UNUSED_VARIABLE = YES;
				IPHONEOS_DEPLOYMENT_TARGET = 18.1;
				LOCALIZATION_PREFERS_STRING_CATALOGS = YES;
				MTL_ENABLE_DEBUG_INFO = NO;
				MTL_FAST_MATH = YES;
				SDKROOT = iphoneos;
				SWIFT_COMPILATION_MODE = wholemodule;
				VALIDATE_PRODUCT = YES;
			};
			name = Release;
		};
		150F30112D617E62002FFF9C /* Debug */ = {
			isa = XCBuildConfiguration;
			buildSettings = {
				BUNDLE_LOADER = "$(TEST_HOST)";
				CODE_SIGN_STYLE = Automatic;
				CURRENT_PROJECT_VERSION = 1;
				GENERATE_INFOPLIST_FILE = YES;
				IPHONEOS_DEPLOYMENT_TARGET = 18.1;
				MARKETING_VERSION = 1.0;
				PRODUCT_BUNDLE_IDENTIFIER = app.watanabe.ui.ticketTests;
				PRODUCT_NAME = "$(TARGET_NAME)";
				SWIFT_EMIT_LOC_STRINGS = NO;
				SWIFT_VERSION = 5.0;
				TARGETED_DEVICE_FAMILY = "1,2";
				TEST_HOST = "$(BUILT_PRODUCTS_DIR)/ticket.app/$(BUNDLE_EXECUTABLE_FOLDER_PATH)/ticket";
			};
			name = Debug;
		};
		150F30122D617E62002FFF9C /* Release */ = {
			isa = XCBuildConfiguration;
			buildSettings = {
				BUNDLE_LOADER = "$(TEST_HOST)";
				CODE_SIGN_STYLE = Automatic;
				CURRENT_PROJECT_VERSION = 1;
				GENERATE_INFOPLIST_FILE = YES;
				IPHONEOS_DEPLOYMENT_TARGET = 18.1;
				MARKETING_VERSION = 1.0;
				PRODUCT_BUNDLE_IDENTIFIER = app.watanabe.ui.ticketTests;
				PRODUCT_NAME = "$(TARGET_NAME)";
				SWIFT_EMIT_LOC_STRINGS = NO;
				SWIFT_VERSION = 5.0;
				TARGETED_DEVICE_FAMILY = "1,2";
				TEST_HOST = "$(BUILT_PRODUCTS_DIR)/ticket.app/$(BUNDLE_EXECUTABLE_FOLDER_PATH)/ticket";
			};
			name = Release;
		};
		150F30142D617E62002FFF9C /* Debug */ = {
			isa = XCBuildConfiguration;
			buildSettings = {
				CODE_SIGN_STYLE = Automatic;
				CURRENT_PROJECT_VERSION = 1;
				GENERATE_INFOPLIST_FILE = YES;
				MARKETING_VERSION = 1.0;
				PRODUCT_BUNDLE_IDENTIFIER = app.watanabe.ui.ticketUITests;
				PRODUCT_NAME = "$(TARGET_NAME)";
				SWIFT_EMIT_LOC_STRINGS = NO;
				SWIFT_VERSION = 5.0;
				TARGETED_DEVICE_FAMILY = "1,2";
				TEST_TARGET_NAME = ticket;
			};
			name = Debug;
		};
		150F30152D617E62002FFF9C /* Release */ = {
			isa = XCBuildConfiguration;
			buildSettings = {
				CODE_SIGN_STYLE = Automatic;
				CURRENT_PROJECT_VERSION = 1;
				GENERATE_INFOPLIST_FILE = YES;
				MARKETING_VERSION = 1.0;
				PRODUCT_BUNDLE_IDENTIFIER = app.watanabe.ui.ticketUITests;
				PRODUCT_NAME = "$(TARGET_NAME)";
				SWIFT_EMIT_LOC_STRINGS = NO;
				SWIFT_VERSION = 5.0;
				TARGETED_DEVICE_FAMILY = "1,2";
				TEST_TARGET_NAME = ticket;
			};
			name = Release;
		};
/* End XCBuildConfiguration section */

/* Begin XCConfigurationList section */
		150F2FDD2D617E61002FFF9C /* Build configuration list for PBXProject "ticket" */ = {
			isa = XCConfigurationList;
			buildConfigurations = (
				150F300E2D617E62002FFF9C /* Debug */,
				150F300F2D617E62002FFF9C /* Release */,
			);
			defaultConfigurationIsVisible = 0;
			defaultConfigurationName = Release;
		};
		150F300B2D617E62002FFF9C /* Build configuration list for PBXNativeTarget "ticket" */ = {
			isa = XCConfigurationList;
			buildConfigurations = (
				150F300C2D617E62002FFF9C /* Debug */,
				150F300D2D617E62002FFF9C /* Release */,
			);
			defaultConfigurationIsVisible = 0;
			defaultConfigurationName = Release;
		};
		150F30102D617E62002FFF9C /* Build configuration list for PBXNativeTarget "ticketTests" */ = {
			isa = XCConfigurationList;
			buildConfigurations = (
				150F30112D617E62002FFF9C /* Debug */,
				150F30122D617E62002FFF9C /* Release */,
			);
			defaultConfigurationIsVisible = 0;
			defaultConfigurationName = Release;
		};
		150F30132D617E62002FFF9C /* Build configuration list for PBXNativeTarget "ticketUITests" */ = {
			isa = XCConfigurationList;
			buildConfigurations = (
				150F30142D617E62002FFF9C /* Debug */,
				150F30152D617E62002FFF9C /* Release */,
			);
			defaultConfigurationIsVisible = 0;
			defaultConfigurationName = Release;
		};
/* End XCConfigurationList section */

/* Begin XCRemoteSwiftPackageReference section */
		150F30182D619381002FFF9C /* XCRemoteSwiftPackageReference "supabase-swift" */ = {
			isa = XCRemoteSwiftPackageReference;
			repositoryURL = "https://github.com/supabase/supabase-swift.git";
			requirement = {
				kind = upToNextMajorVersion;
				minimumVersion = 2.5.1;
			};
		};
/* End XCRemoteSwiftPackageReference section */

/* Begin XCSwiftPackageProductDependency section */
		150F30192D619381002FFF9C /* Auth */ = {
			isa = XCSwiftPackageProductDependency;
			package = 150F30182D619381002FFF9C /* XCRemoteSwiftPackageReference "supabase-swift" */;
			productName = Auth;
		};
		150F301B2D619381002FFF9C /* Functions */ = {
			isa = XCSwiftPackageProductDependency;
			package = 150F30182D619381002FFF9C /* XCRemoteSwiftPackageReference "supabase-swift" */;
			productName = Functions;
		};
		150F301D2D619381002FFF9C /* PostgREST */ = {
			isa = XCSwiftPackageProductDependency;
			package = 150F30182D619381002FFF9C /* XCRemoteSwiftPackageReference "supabase-swift" */;
			productName = PostgREST;
		};
		150F301F2D619381002FFF9C /* Realtime */ = {
			isa = XCSwiftPackageProductDependency;
			package = 150F30182D619381002FFF9C /* XCRemoteSwiftPackageReference "supabase-swift" */;
			productName = Realtime;
		};
		150F30212D619381002FFF9C /* Storage */ = {
			isa = XCSwiftPackageProductDependency;
			package = 150F30182D619381002FFF9C /* XCRemoteSwiftPackageReference "supabase-swift" */;
			productName = Storage;
		};
		150F30282D61A59A002FFF9C /* Supabase */ = {
			isa = XCSwiftPackageProductDependency;
			package = 150F30182D619381002FFF9C /* XCRemoteSwiftPackageReference "supabase-swift" */;
			productName = Supabase;
		};
/* End XCSwiftPackageProductDependency section */
	};
	rootObject = 150F2FDA2D617E61002FFF9C /* Project object */;
}
